// !$*UTF8*$!
{
	archiveVersion = 1;
	classes = {
	};
	objectVersion = 46;
	objects = {

/* Begin PBXBuildFile section */
		B04D795715803A6100B1D224 /* UIKit.framework in Frameworks */ = {isa = PBXBuildFile; fileRef = B04D795615803A6100B1D224 /* UIKit.framework */; };
		B04D795915803A6100B1D224 /* Foundation.framework in Frameworks */ = {isa = PBXBuildFile; fileRef = B04D795815803A6100B1D224 /* Foundation.framework */; };
		B04D795B15803A6100B1D224 /* CoreGraphics.framework in Frameworks */ = {isa = PBXBuildFile; fileRef = B04D795A15803A6100B1D224 /* CoreGraphics.framework */; };
		B04D796115803A6100B1D224 /* InfoPlist.strings in Resources */ = {isa = PBXBuildFile; fileRef = B04D795F15803A6100B1D224 /* InfoPlist.strings */; };
		B04D796315803A6100B1D224 /* main.m in Sources */ = {isa = PBXBuildFile; fileRef = B04D796215803A6100B1D224 /* main.m */; };
		B04D796715803A6100B1D224 /* CAPAppDelegate.m in Sources */ = {isa = PBXBuildFile; fileRef = B04D796615803A6100B1D224 /* CAPAppDelegate.m */; };
		B04D796A15803A6100B1D224 /* MainStoryboard.storyboard in Resources */ = {isa = PBXBuildFile; fileRef = B04D796815803A6100B1D224 /* MainStoryboard.storyboard */; };
		B04D796D15803A6100B1D224 /* CAPFirstViewController.m in Sources */ = {isa = PBXBuildFile; fileRef = B04D796C15803A6100B1D224 /* CAPFirstViewController.m */; };
		B04D797F15803E3300B1D224 /* bg.png in Resources */ = {isa = PBXBuildFile; fileRef = B04D797E15803E3300B1D224 /* bg.png */; };
		B04D79811580423800B1D224 /* cross.png in Resources */ = {isa = PBXBuildFile; fileRef = B04D79801580423800B1D224 /* cross.png */; };
		B04D79831580423D00B1D224 /* tick.png in Resources */ = {isa = PBXBuildFile; fileRef = B04D79821580423D00B1D224 /* tick.png */; };
		B04D798915804AF200B1D224 /* score.png in Resources */ = {isa = PBXBuildFile; fileRef = B04D798815804AF200B1D224 /* score.png */; };
		B0A84CB91607F0B500E8B9E3 /* Icon.png in Resources */ = {isa = PBXBuildFile; fileRef = B0A84CB81607F0B500E8B9E3 /* Icon.png */; };
		B0A84CBB1607F0B700E8B9E3 /* Icon@2x.png in Resources */ = {isa = PBXBuildFile; fileRef = B0A84CBA1607F0B700E8B9E3 /* Icon@2x.png */; };
/* End PBXBuildFile section */

/* Begin PBXFileReference section */
		B04D795215803A6100B1D224 /* Capitals.app */ = {isa = PBXFileReference; explicitFileType = wrapper.application; includeInIndex = 0; path = Capitals.app; sourceTree = BUILT_PRODUCTS_DIR; };
		B04D795615803A6100B1D224 /* UIKit.framework */ = {isa = PBXFileReference; lastKnownFileType = wrapper.framework; name = UIKit.framework; path = System/Library/Frameworks/UIKit.framework; sourceTree = SDKROOT; };
		B04D795815803A6100B1D224 /* Foundation.framework */ = {isa = PBXFileReference; lastKnownFileType = wrapper.framework; name = Foundation.framework; path = System/Library/Frameworks/Foundation.framework; sourceTree = SDKROOT; };
		B04D795A15803A6100B1D224 /* CoreGraphics.framework */ = {isa = PBXFileReference; lastKnownFileType = wrapper.framework; name = CoreGraphics.framework; path = System/Library/Frameworks/CoreGraphics.framework; sourceTree = SDKROOT; };
		B04D795E15803A6100B1D224 /* Capitals-Info.plist */ = {isa = PBXFileReference; lastKnownFileType = text.plist.xml; path = "Capitals-Info.plist"; sourceTree = "<group>"; };
		B04D796015803A6100B1D224 /* en */ = {isa = PBXFileReference; lastKnownFileType = text.plist.strings; name = en; path = en.lproj/InfoPlist.strings; sourceTree = "<group>"; };
		B04D796215803A6100B1D224 /* main.m */ = {isa = PBXFileReference; lastKnownFileType = sourcecode.c.objc; path = main.m; sourceTree = "<group>"; };
		B04D796415803A6100B1D224 /* Capitals-Prefix.pch */ = {isa = PBXFileReference; lastKnownFileType = sourcecode.c.h; path = "Capitals-Prefix.pch"; sourceTree = "<group>"; };
		B04D796515803A6100B1D224 /* CAPAppDelegate.h */ = {isa = PBXFileReference; lastKnownFileType = sourcecode.c.h; path = CAPAppDelegate.h; sourceTree = "<group>"; };
		B04D796615803A6100B1D224 /* CAPAppDelegate.m */ = {isa = PBXFileReference; lastKnownFileType = sourcecode.c.objc; path = CAPAppDelegate.m; sourceTree = "<group>"; };
		B04D796915803A6100B1D224 /* en */ = {isa = PBXFileReference; lastKnownFileType = file.storyboard; name = en; path = en.lproj/MainStoryboard.storyboard; sourceTree = "<group>"; };
		B04D796B15803A6100B1D224 /* CAPFirstViewController.h */ = {isa = PBXFileReference; lastKnownFileType = sourcecode.c.h; path = CAPFirstViewController.h; sourceTree = "<group>"; };
		B04D796C15803A6100B1D224 /* CAPFirstViewController.m */ = {isa = PBXFileReference; lastKnownFileType = sourcecode.c.objc; path = CAPFirstViewController.m; sourceTree = "<group>"; };
		B04D797E15803E3300B1D224 /* bg.png */ = {isa = PBXFileReference; lastKnownFileType = image.png; path = bg.png; sourceTree = "<group>"; };
		B04D79801580423800B1D224 /* cross.png */ = {isa = PBXFileReference; lastKnownFileType = image.png; path = cross.png; sourceTree = "<group>"; };
		B04D79821580423D00B1D224 /* tick.png */ = {isa = PBXFileReference; lastKnownFileType = image.png; path = tick.png; sourceTree = "<group>"; };
		B04D798815804AF200B1D224 /* score.png */ = {isa = PBXFileReference; lastKnownFileType = image.png; path = score.png; sourceTree = "<group>"; };
		B0A84CB81607F0B500E8B9E3 /* Icon.png */ = {isa = PBXFileReference; lastKnownFileType = image.png; path = Icon.png; sourceTree = "<group>"; };
		B0A84CBA1607F0B700E8B9E3 /* Icon@2x.png */ = {isa = PBXFileReference; lastKnownFileType = image.png; path = "Icon@2x.png"; sourceTree = "<group>"; };
/* End PBXFileReference section */

/* Begin PBXFrameworksBuildPhase section */
		B04D794F15803A6100B1D224 /* Frameworks */ = {
			isa = PBXFrameworksBuildPhase;
			buildActionMask = 2147483647;
			files = (
				B04D795715803A6100B1D224 /* UIKit.framework in Frameworks */,
				B04D795915803A6100B1D224 /* Foundation.framework in Frameworks */,
				B04D795B15803A6100B1D224 /* CoreGraphics.framework in Frameworks */,
			);
			runOnlyForDeploymentPostprocessing = 0;
		};
/* End PBXFrameworksBuildPhase section */

/* Begin PBXGroup section */
		B04D794715803A6100B1D224 = {
			isa = PBXGroup;
			children = (
				B0A84CBA1607F0B700E8B9E3 /* Icon@2x.png */,
				B0A84CB81607F0B500E8B9E3 /* Icon.png */,
				B04D795C15803A6100B1D224 /* Capitals */,
				B04D795515803A6100B1D224 /* Frameworks */,
				B04D795315803A6100B1D224 /* Products */,
			);
			sourceTree = "<group>";
		};
		B04D795315803A6100B1D224 /* Products */ = {
			isa = PBXGroup;
			children = (
				B04D795215803A6100B1D224 /* Capitals.app */,
			);
			name = Products;
			sourceTree = "<group>";
		};
		B04D795515803A6100B1D224 /* Frameworks */ = {
			isa = PBXGroup;
			children = (
				B04D795615803A6100B1D224 /* UIKit.framework */,
				B04D795815803A6100B1D224 /* Foundation.framework */,
				B04D795A15803A6100B1D224 /* CoreGraphics.framework */,
			);
			name = Frameworks;
			sourceTree = "<group>";
		};
		B04D795C15803A6100B1D224 /* Capitals */ = {
			isa = PBXGroup;
			children = (
				B04D797E15803E3300B1D224 /* bg.png */,
				B04D796515803A6100B1D224 /* CAPAppDelegate.h */,
				B04D796615803A6100B1D224 /* CAPAppDelegate.m */,
				B04D796815803A6100B1D224 /* MainStoryboard.storyboard */,
				B04D796B15803A6100B1D224 /* CAPFirstViewController.h */,
				B04D796C15803A6100B1D224 /* CAPFirstViewController.m */,
				B04D79821580423D00B1D224 /* tick.png */,
				B04D79801580423800B1D224 /* cross.png */,
				B04D798815804AF200B1D224 /* score.png */,
				B04D795D15803A6100B1D224 /* Supporting Files */,
			);
			path = Capitals;
			sourceTree = "<group>";
		};
		B04D795D15803A6100B1D224 /* Supporting Files */ = {
			isa = PBXGroup;
			children = (
				B04D795E15803A6100B1D224 /* Capitals-Info.plist */,
				B04D795F15803A6100B1D224 /* InfoPlist.strings */,
				B04D796215803A6100B1D224 /* main.m */,
				B04D796415803A6100B1D224 /* Capitals-Prefix.pch */,
			);
			name = "Supporting Files";
			sourceTree = "<group>";
		};
/* End PBXGroup section */

/* Begin PBXNativeTarget section */
		B04D795115803A6100B1D224 /* Capitals */ = {
			isa = PBXNativeTarget;
			buildConfigurationList = B04D797B15803A6100B1D224 /* Build configuration list for PBXNativeTarget "Capitals" */;
			buildPhases = (
				B04D794E15803A6100B1D224 /* Sources */,
				B04D794F15803A6100B1D224 /* Frameworks */,
				B04D795015803A6100B1D224 /* Resources */,
			);
			buildRules = (
			);
			dependencies = (
			);
			name = Capitals;
			productName = Capitals;
			productReference = B04D795215803A6100B1D224 /* Capitals.app */;
			productType = "com.apple.product-type.application";
		};
/* End PBXNativeTarget section */

/* Begin PBXProject section */
		B04D794915803A6100B1D224 /* Project object */ = {
			isa = PBXProject;
			attributes = {
				CLASSPREFIX = CAP;
				LastUpgradeCheck = 0430;
			};
			buildConfigurationList = B04D794C15803A6100B1D224 /* Build configuration list for PBXProject "Capitals" */;
			compatibilityVersion = "Xcode 3.2";
			developmentRegion = English;
			hasScannedForEncodings = 0;
			knownRegions = (
				en,
			);
			mainGroup = B04D794715803A6100B1D224;
			productRefGroup = B04D795315803A6100B1D224 /* Products */;
			projectDirPath = "";
			projectRoot = "";
			targets = (
				B04D795115803A6100B1D224 /* Capitals */,
			);
		};
/* End PBXProject section */

/* Begin PBXResourcesBuildPhase section */
		B04D795015803A6100B1D224 /* Resources */ = {
			isa = PBXResourcesBuildPhase;
			buildActionMask = 2147483647;
			files = (
				B04D796115803A6100B1D224 /* InfoPlist.strings in Resources */,
				B04D796A15803A6100B1D224 /* MainStoryboard.storyboard in Resources */,
				B04D797F15803E3300B1D224 /* bg.png in Resources */,
				B04D79811580423800B1D224 /* cross.png in Resources */,
				B04D79831580423D00B1D224 /* tick.png in Resources */,
				B04D798915804AF200B1D224 /* score.png in Resources */,
				B0A84CB91607F0B500E8B9E3 /* Icon.png in Resources */,
				B0A84CBB1607F0B700E8B9E3 /* Icon@2x.png in Resources */,
			);
			runOnlyForDeploymentPostprocessing = 0;
		};
/* End PBXResourcesBuildPhase section */

/* Begin PBXSourcesBuildPhase section */
		B04D794E15803A6100B1D224 /* Sources */ = {
			isa = PBXSourcesBuildPhase;
			buildActionMask = 2147483647;
			files = (
				B04D796315803A6100B1D224 /* main.m in Sources */,
				B04D796715803A6100B1D224 /* CAPAppDelegate.m in Sources */,
				B04D796D15803A6100B1D224 /* CAPFirstViewController.m in Sources */,
			);
			runOnlyForDeploymentPostprocessing = 0;
		};
/* End PBXSourcesBuildPhase section */

/* Begin PBXVariantGroup section */
		B04D795F15803A6100B1D224 /* InfoPlist.strings */ = {
			isa = PBXVariantGroup;
			children = (
				B04D796015803A6100B1D224 /* en */,
			);
			name = InfoPlist.strings;
			sourceTree = "<group>";
		};
		B04D796815803A6100B1D224 /* MainStoryboard.storyboard */ = {
			isa = PBXVariantGroup;
			children = (
				B04D796915803A6100B1D224 /* en */,
			);
			name = MainStoryboard.storyboard;
			sourceTree = "<group>";
		};
/* End PBXVariantGroup section */

/* Begin XCBuildConfiguration section */
		B04D797915803A6100B1D224 /* Debug */ = {
			isa = XCBuildConfiguration;
			buildSettings = {
				ALWAYS_SEARCH_USER_PATHS = NO;
				ARCHS = "$(ARCHS_STANDARD_32_BIT)";
				CLANG_ENABLE_OBJC_ARC = YES;
				"CODE_SIGN_IDENTITY[sdk=iphoneos*]" = "iPhone Developer";
				COPY_PHASE_STRIP = NO;
				GCC_C_LANGUAGE_STANDARD = gnu99;
				GCC_DYNAMIC_NO_PIC = NO;
				GCC_OPTIMIZATION_LEVEL = 0;
				GCC_PREPROCESSOR_DEFINITIONS = (
					"DEBUG=1",
					"$(inherited)",
				);
				GCC_SYMBOLS_PRIVATE_EXTERN = NO;
				GCC_VERSION = com.apple.compilers.llvm.clang.1_0;
				GCC_WARN_ABOUT_RETURN_TYPE = YES;
				GCC_WARN_UNINITIALIZED_AUTOS = YES;
				GCC_WARN_UNUSED_VARIABLE = YES;
				IPHONEOS_DEPLOYMENT_TARGET = 5.1;
				SDKROOT = iphoneos;
			};
			name = Debug;
		};
		B04D797A15803A6100B1D224 /* Release */ = {
			isa = XCBuildConfiguration;
			buildSettings = {
				ALWAYS_SEARCH_USER_PATHS = NO;
				ARCHS = "$(ARCHS_STANDARD_32_BIT)";
				CLANG_ENABLE_OBJC_ARC = YES;
				"CODE_SIGN_IDENTITY[sdk=iphoneos*]" = "iPhone Developer";
				COPY_PHASE_STRIP = YES;
				GCC_C_LANGUAGE_STANDARD = gnu99;
				GCC_VERSION = com.apple.compilers.llvm.clang.1_0;
				GCC_WARN_ABOUT_RETURN_TYPE = YES;
				GCC_WARN_UNINITIALIZED_AUTOS = YES;
				GCC_WARN_UNUSED_VARIABLE = YES;
				IPHONEOS_DEPLOYMENT_TARGET = 5.1;
				OTHER_CFLAGS = "-DNS_BLOCK_ASSERTIONS=1";
				SDKROOT = iphoneos;
				VALIDATE_PRODUCT = YES;
			};
			name = Release;
		};
		B04D797C15803A6100B1D224 /* Debug */ = {
			isa = XCBuildConfiguration;
			buildSettings = {
				GCC_PRECOMPILE_PREFIX_HEADER = YES;
				GCC_PREFIX_HEADER = "Capitals/Capitals-Prefix.pch";
				INFOPLIST_FILE = "Capitals/Capitals-Info.plist";
				PRODUCT_NAME = "$(TARGET_NAME)";
				WRAPPER_EXTENSION = app;
			};
			name = Debug;
		};
		B04D797D15803A6100B1D224 /* Release */ = {
			isa = XCBuildConfiguration;
			buildSettings = {
				GCC_PRECOMPILE_PREFIX_HEADER = YES;
				GCC_PREFIX_HEADER = "Capitals/Capitals-Prefix.pch";
				INFOPLIST_FILE = "Capitals/Capitals-Info.plist";
				PRODUCT_NAME = "$(TARGET_NAME)";
				WRAPPER_EXTENSION = app;
			};
			name = Release;
		};
/* End XCBuildConfiguration section */

/* Begin XCConfigurationList section */
		B04D794C15803A6100B1D224 /* Build configuration list for PBXProject "Capitals" */ = {
			isa = XCConfigurationList;
			buildConfigurations = (
				B04D797915803A6100B1D224 /* Debug */,
				B04D797A15803A6100B1D224 /* Release */,
			);
			defaultConfigurationIsVisible = 0;
			defaultConfigurationName = Release;
		};
		B04D797B15803A6100B1D224 /* Build configuration list for PBXNativeTarget "Capitals" */ = {
			isa = XCConfigurationList;
			buildConfigurations = (
				B04D797C15803A6100B1D224 /* Debug */,
				B04D797D15803A6100B1D224 /* Release */,
			);
			defaultConfigurationIsVisible = 0;
			defaultConfigurationName = Release;
		};
/* End XCConfigurationList section */
	};
	rootObject = B04D794915803A6100B1D224 /* Project object */;
}
